// !$*UTF8*$!
{
	archiveVersion = 1;
	classes = {
	};
	objectVersion = 46;
	objects = {

/* Begin PBXBuildFile section */
		4FB5ECE419F7728400E0AF7C /* main.m in Sources */ = {isa = PBXBuildFile; fileRef = 4FB5ECE319F7728400E0AF7C /* main.m */; };
		4FB5ECE719F7728400E0AF7C /* AppDelegate.m in Sources */ = {isa = PBXBuildFile; fileRef = 4FB5ECE619F7728400E0AF7C /* AppDelegate.m */; };
		4FB5ECEA19F7728400E0AF7C /* ViewController.m in Sources */ = {isa = PBXBuildFile; fileRef = 4FB5ECE919F7728400E0AF7C /* ViewController.m */; };
		4FB5ECED19F7728400E0AF7C /* Main.storyboard in Resources */ = {isa = PBXBuildFile; fileRef = 4FB5ECEB19F7728400E0AF7C /* Main.storyboard */; };
		4FB5ECEF19F7728400E0AF7C /* Images.xcassets in Resources */ = {isa = PBXBuildFile; fileRef = 4FB5ECEE19F7728400E0AF7C /* Images.xcassets */; };
		4FB5ECF219F7728400E0AF7C /* LaunchScreen.xib in Resources */ = {isa = PBXBuildFile; fileRef = 4FB5ECF019F7728400E0AF7C /* LaunchScreen.xib */; };
		4FB5ECFE19F7728400E0AF7C /* WordPlay2Tests.m in Sources */ = {isa = PBXBuildFile; fileRef = 4FB5ECFD19F7728400E0AF7C /* WordPlay2Tests.m */; };
		4FB5ED0919F7734C00E0AF7C /* EnterNameViewController.m in Sources */ = {isa = PBXBuildFile; fileRef = 4FB5ED0819F7734C00E0AF7C /* EnterNameViewController.m */; };
		4FB5ED0C19F7742400E0AF7C /* EnterAdjectiveViewController.m in Sources */ = {isa = PBXBuildFile; fileRef = 4FB5ED0B19F7742400E0AF7C /* EnterAdjectiveViewController.m */; };
		4FB5ED0F19F7747600E0AF7C /* ResultsViewController.m in Sources */ = {isa = PBXBuildFile; fileRef = 4FB5ED0E19F7747600E0AF7C /* ResultsViewController.m */; };
		4FB5ED1219F77C2F00E0AF7C /* EnterNounViewController.m in Sources */ = {isa = PBXBuildFile; fileRef = 4FB5ED1119F77C2F00E0AF7C /* EnterNounViewController.m */; };
		4FB5ED1519F77C4100E0AF7C /* EnterAdverbViewController.m in Sources */ = {isa = PBXBuildFile; fileRef = 4FB5ED1419F77C4100E0AF7C /* EnterAdverbViewController.m */; };
/* End PBXBuildFile section */

/* Begin PBXContainerItemProxy section */
		4FB5ECF819F7728400E0AF7C /* PBXContainerItemProxy */ = {
			isa = PBXContainerItemProxy;
			containerPortal = 4FB5ECD619F7728400E0AF7C /* Project object */;
			proxyType = 1;
			remoteGlobalIDString = 4FB5ECDD19F7728400E0AF7C;
			remoteInfo = WordPlay2;
		};
/* End PBXContainerItemProxy section */

/* Begin PBXFileReference section */
		4FB5ECDE19F7728400E0AF7C /* WordPlay2.app */ = {isa = PBXFileReference; explicitFileType = wrapper.application; includeInIndex = 0; path = WordPlay2.app; sourceTree = BUILT_PRODUCTS_DIR; };
		4FB5ECE219F7728400E0AF7C /* Info.plist */ = {isa = PBXFileReference; lastKnownFileType = text.plist.xml; path = Info.plist; sourceTree = "<group>"; };
		4FB5ECE319F7728400E0AF7C /* main.m */ = {isa = PBXFileReference; lastKnownFileType = sourcecode.c.objc; path = main.m; sourceTree = "<group>"; };
		4FB5ECE519F7728400E0AF7C /* AppDelegate.h */ = {isa = PBXFileReference; lastKnownFileType = sourcecode.c.h; path = AppDelegate.h; sourceTree = "<group>"; };
		4FB5ECE619F7728400E0AF7C /* AppDelegate.m */ = {isa = PBXFileReference; lastKnownFileType = sourcecode.c.objc; path = AppDelegate.m; sourceTree = "<group>"; };
		4FB5ECE819F7728400E0AF7C /* ViewController.h */ = {isa = PBXFileReference; lastKnownFileType = sourcecode.c.h; path = ViewController.h; sourceTree = "<group>"; };
		4FB5ECE919F7728400E0AF7C /* ViewController.m */ = {isa = PBXFileReference; lastKnownFileType = sourcecode.c.objc; path = ViewController.m; sourceTree = "<group>"; };
		4FB5ECEC19F7728400E0AF7C /* Base */ = {isa = PBXFileReference; lastKnownFileType = file.storyboard; name = Base; path = Base.lproj/Main.storyboard; sourceTree = "<group>"; };
		4FB5ECEE19F7728400E0AF7C /* Images.xcassets */ = {isa = PBXFileReference; lastKnownFileType = folder.assetcatalog; path = Images.xcassets; sourceTree = "<group>"; };
		4FB5ECF119F7728400E0AF7C /* Base */ = {isa = PBXFileReference; lastKnownFileType = file.xib; name = Base; path = Base.lproj/LaunchScreen.xib; sourceTree = "<group>"; };
		4FB5ECF719F7728400E0AF7C /* WordPlay2Tests.xctest */ = {isa = PBXFileReference; explicitFileType = wrapper.cfbundle; includeInIndex = 0; path = WordPlay2Tests.xctest; sourceTree = BUILT_PRODUCTS_DIR; };
		4FB5ECFC19F7728400E0AF7C /* Info.plist */ = {isa = PBXFileReference; lastKnownFileType = text.plist.xml; path = Info.plist; sourceTree = "<group>"; };
		4FB5ECFD19F7728400E0AF7C /* WordPlay2Tests.m */ = {isa = PBXFileReference; lastKnownFileType = sourcecode.c.objc; path = WordPlay2Tests.m; sourceTree = "<group>"; };
		4FB5ED0719F7734C00E0AF7C /* EnterNameViewController.h */ = {isa = PBXFileReference; fileEncoding = 4; lastKnownFileType = sourcecode.c.h; path = EnterNameViewController.h; sourceTree = "<group>"; };
		4FB5ED0819F7734C00E0AF7C /* EnterNameViewController.m */ = {isa = PBXFileReference; fileEncoding = 4; lastKnownFileType = sourcecode.c.objc; path = EnterNameViewController.m; sourceTree = "<group>"; };
		4FB5ED0A19F7742400E0AF7C /* EnterAdjectiveViewController.h */ = {isa = PBXFileReference; fileEncoding = 4; lastKnownFileType = sourcecode.c.h; path = EnterAdjectiveViewController.h; sourceTree = "<group>"; };
		4FB5ED0B19F7742400E0AF7C /* EnterAdjectiveViewController.m */ = {isa = PBXFileReference; fileEncoding = 4; lastKnownFileType = sourcecode.c.objc; path = EnterAdjectiveViewController.m; sourceTree = "<group>"; };
		4FB5ED0D19F7747600E0AF7C /* ResultsViewController.h */ = {isa = PBXFileReference; fileEncoding = 4; lastKnownFileType = sourcecode.c.h; path = ResultsViewController.h; sourceTree = "<group>"; };
		4FB5ED0E19F7747600E0AF7C /* ResultsViewController.m */ = {isa = PBXFileReference; fileEncoding = 4; lastKnownFileType = sourcecode.c.objc; path = ResultsViewController.m; sourceTree = "<group>"; };
		4FB5ED1019F77C2F00E0AF7C /* EnterNounViewController.h */ = {isa = PBXFileReference; fileEncoding = 4; lastKnownFileType = sourcecode.c.h; path = EnterNounViewController.h; sourceTree = "<group>"; };
		4FB5ED1119F77C2F00E0AF7C /* EnterNounViewController.m */ = {isa = PBXFileReference; fileEncoding = 4; lastKnownFileType = sourcecode.c.objc; path = EnterNounViewController.m; sourceTree = "<group>"; };
		4FB5ED1319F77C4100E0AF7C /* EnterAdverbViewController.h */ = {isa = PBXFileReference; fileEncoding = 4; lastKnownFileType = sourcecode.c.h; path = EnterAdverbViewController.h; sourceTree = "<group>"; };
		4FB5ED1419F77C4100E0AF7C /* EnterAdverbViewController.m */ = {isa = PBXFileReference; fileEncoding = 4; lastKnownFileType = sourcecode.c.objc; path = EnterAdverbViewController.m; sourceTree = "<group>"; };
/* End PBXFileReference section */

/* Begin PBXFrameworksBuildPhase section */
		4FB5ECDB19F7728400E0AF7C /* Frameworks */ = {
			isa = PBXFrameworksBuildPhase;
			buildActionMask = 2147483647;
			files = (
			);
			runOnlyForDeploymentPostprocessing = 0;
		};
		4FB5ECF419F7728400E0AF7C /* Frameworks */ = {
			isa = PBXFrameworksBuildPhase;
			buildActionMask = 2147483647;
			files = (
			);
			runOnlyForDeploymentPostprocessing = 0;
		};
/* End PBXFrameworksBuildPhase section */

/* Begin PBXGroup section */
		4FB5ECD519F7728400E0AF7C = {
			isa = PBXGroup;
			children = (
				4FB5ECE019F7728400E0AF7C /* WordPlay2 */,
				4FB5ECFA19F7728400E0AF7C /* WordPlay2Tests */,
				4FB5ECDF19F7728400E0AF7C /* Products */,
			);
			sourceTree = "<group>";
		};
		4FB5ECDF19F7728400E0AF7C /* Products */ = {
			isa = PBXGroup;
			children = (
				4FB5ECDE19F7728400E0AF7C /* WordPlay2.app */,
				4FB5ECF719F7728400E0AF7C /* WordPlay2Tests.xctest */,
			);
			name = Products;
			sourceTree = "<group>";
		};
		4FB5ECE019F7728400E0AF7C /* WordPlay2 */ = {
			isa = PBXGroup;
			children = (
				4FB5ECE519F7728400E0AF7C /* AppDelegate.h */,
				4FB5ECE619F7728400E0AF7C /* AppDelegate.m */,
				4FB5ECE819F7728400E0AF7C /* ViewController.h */,
				4FB5ECE919F7728400E0AF7C /* ViewController.m */,
				4FB5ED0719F7734C00E0AF7C /* EnterNameViewController.h */,
				4FB5ED0819F7734C00E0AF7C /* EnterNameViewController.m */,
				4FB5ED0A19F7742400E0AF7C /* EnterAdjectiveViewController.h */,
				4FB5ED0B19F7742400E0AF7C /* EnterAdjectiveViewController.m */,
				4FB5ED1019F77C2F00E0AF7C /* EnterNounViewController.h */,
				4FB5ED1119F77C2F00E0AF7C /* EnterNounViewController.m */,
				4FB5ED1319F77C4100E0AF7C /* EnterAdverbViewController.h */,
				4FB5ED1419F77C4100E0AF7C /* EnterAdverbViewController.m */,
				4FB5ED0D19F7747600E0AF7C /* ResultsViewController.h */,
				4FB5ED0E19F7747600E0AF7C /* ResultsViewController.m */,
				4FB5ECEB19F7728400E0AF7C /* Main.storyboard */,
				4FB5ECEE19F7728400E0AF7C /* Images.xcassets */,
				4FB5ECF019F7728400E0AF7C /* LaunchScreen.xib */,
				4FB5ECE119F7728400E0AF7C /* Supporting Files */,
			);
			path = WordPlay2;
			sourceTree = "<group>";
		};
		4FB5ECE119F7728400E0AF7C /* Supporting Files */ = {
			isa = PBXGroup;
			children = (
				4FB5ECE219F7728400E0AF7C /* Info.plist */,
				4FB5ECE319F7728400E0AF7C /* main.m */,
			);
			name = "Supporting Files";
			sourceTree = "<group>";
		};
		4FB5ECFA19F7728400E0AF7C /* WordPlay2Tests */ = {
			isa = PBXGroup;
			children = (
				4FB5ECFD19F7728400E0AF7C /* WordPlay2Tests.m */,
				4FB5ECFB19F7728400E0AF7C /* Supporting Files */,
			);
			path = WordPlay2Tests;
			sourceTree = "<group>";
		};
		4FB5ECFB19F7728400E0AF7C /* Supporting Files */ = {
			isa = PBXGroup;
			children = (
				4FB5ECFC19F7728400E0AF7C /* Info.plist */,
			);
			name = "Supporting Files";
			sourceTree = "<group>";
		};
/* End PBXGroup section */

/* Begin PBXNativeTarget section */
		4FB5ECDD19F7728400E0AF7C /* WordPlay2 */ = {
			isa = PBXNativeTarget;
			buildConfigurationList = 4FB5ED0119F7728400E0AF7C /* Build configuration list for PBXNativeTarget "WordPlay2" */;
			buildPhases = (
				4FB5ECDA19F7728400E0AF7C /* Sources */,
				4FB5ECDB19F7728400E0AF7C /* Frameworks */,
				4FB5ECDC19F7728400E0AF7C /* Resources */,
			);
			buildRules = (
			);
			dependencies = (
			);
			name = WordPlay2;
			productName = WordPlay2;
			productReference = 4FB5ECDE19F7728400E0AF7C /* WordPlay2.app */;
			productType = "com.apple.product-type.application";
		};
		4FB5ECF619F7728400E0AF7C /* WordPlay2Tests */ = {
			isa = PBXNativeTarget;
			buildConfigurationList = 4FB5ED0419F7728400E0AF7C /* Build configuration list for PBXNativeTarget "WordPlay2Tests" */;
			buildPhases = (
				4FB5ECF319F7728400E0AF7C /* Sources */,
				4FB5ECF419F7728400E0AF7C /* Frameworks */,
				4FB5ECF519F7728400E0AF7C /* Resources */,
			);
			buildRules = (
			);
			dependencies = (
				4FB5ECF919F7728400E0AF7C /* PBXTargetDependency */,
			);
			name = WordPlay2Tests;
			productName = WordPlay2Tests;
			productReference = 4FB5ECF719F7728400E0AF7C /* WordPlay2Tests.xctest */;
			productType = "com.apple.product-type.bundle.unit-test";
		};
/* End PBXNativeTarget section */

/* Begin PBXProject section */
		4FB5ECD619F7728400E0AF7C /* Project object */ = {
			isa = PBXProject;
			attributes = {
				LastUpgradeCheck = 0600;
				ORGANIZATIONNAME = "Christina Gunarto";
				TargetAttributes = {
					4FB5ECDD19F7728400E0AF7C = {
						CreatedOnToolsVersion = 6.0;
					};
					4FB5ECF619F7728400E0AF7C = {
						CreatedOnToolsVersion = 6.0;
						TestTargetID = 4FB5ECDD19F7728400E0AF7C;
					};
				};
			};
			buildConfigurationList = 4FB5ECD919F7728400E0AF7C /* Build configuration list for PBXProject "WordPlay2" */;
			compatibilityVersion = "Xcode 3.2";
			developmentRegion = English;
			hasScannedForEncodings = 0;
			knownRegions = (
				en,
				Base,
			);
			mainGroup = 4FB5ECD519F7728400E0AF7C;
			productRefGroup = 4FB5ECDF19F7728400E0AF7C /* Products */;
			projectDirPath = "";
			projectRoot = "";
			targets = (
				4FB5ECDD19F7728400E0AF7C /* WordPlay2 */,
				4FB5ECF619F7728400E0AF7C /* WordPlay2Tests */,
			);
		};
/* End PBXProject section */

/* Begin PBXResourcesBuildPhase section */
		4FB5ECDC19F7728400E0AF7C /* Resources */ = {
			isa = PBXResourcesBuildPhase;
			buildActionMask = 2147483647;
			files = (
				4FB5ECED19F7728400E0AF7C /* Main.storyboard in Resources */,
				4FB5ECF219F7728400E0AF7C /* LaunchScreen.xib in Resources */,
				4FB5ECEF19F7728400E0AF7C /* Images.xcassets in Resources */,
			);
			runOnlyForDeploymentPostprocessing = 0;
		};
		4FB5ECF519F7728400E0AF7C /* Resources */ = {
			isa = PBXResourcesBuildPhase;
			buildActionMask = 2147483647;
			files = (
			);
			runOnlyForDeploymentPostprocessing = 0;
		};
/* End PBXResourcesBuildPhase section */

/* Begin PBXSourcesBuildPhase section */
		4FB5ECDA19F7728400E0AF7C /* Sources */ = {
			isa = PBXSourcesBuildPhase;
			buildActionMask = 2147483647;
			files = (
				4FB5ECEA19F7728400E0AF7C /* ViewController.m in Sources */,
				4FB5ECE719F7728400E0AF7C /* AppDelegate.m in Sources */,
				4FB5ED0C19F7742400E0AF7C /* EnterAdjectiveViewController.m in Sources */,
				4FB5ED0F19F7747600E0AF7C /* ResultsViewController.m in Sources */,
				4FB5ED0919F7734C00E0AF7C /* EnterNameViewController.m in Sources */,
				4FB5ED1219F77C2F00E0AF7C /* EnterNounViewController.m in Sources */,
				4FB5ECE419F7728400E0AF7C /* main.m in Sources */,
				4FB5ED1519F77C4100E0AF7C /* EnterAdverbViewController.m in Sources */,
			);
			runOnlyForDeploymentPostprocessing = 0;
		};
		4FB5ECF319F7728400E0AF7C /* Sources */ = {
			isa = PBXSourcesBuildPhase;
			buildActionMask = 2147483647;
			files = (
				4FB5ECFE19F7728400E0AF7C /* WordPlay2Tests.m in Sources */,
			);
			runOnlyForDeploymentPostprocessing = 0;
		};
/* End PBXSourcesBuildPhase section */

/* Begin PBXTargetDependency section */
		4FB5ECF919F7728400E0AF7C /* PBXTargetDependency */ = {
			isa = PBXTargetDependency;
			target = 4FB5ECDD19F7728400E0AF7C /* WordPlay2 */;
			targetProxy = 4FB5ECF819F7728400E0AF7C /* PBXContainerItemProxy */;
		};
/* End PBXTargetDependency section */

/* Begin PBXVariantGroup section */
		4FB5ECEB19F7728400E0AF7C /* Main.storyboard */ = {
			isa = PBXVariantGroup;
			children = (
				4FB5ECEC19F7728400E0AF7C /* Base */,
			);
			name = Main.storyboard;
			sourceTree = "<group>";
		};
		4FB5ECF019F7728400E0AF7C /* LaunchScreen.xib */ = {
			isa = PBXVariantGroup;
			children = (
				4FB5ECF119F7728400E0AF7C /* Base */,
			);
			name = LaunchScreen.xib;
			sourceTree = "<group>";
		};
/* End PBXVariantGroup section */

/* Begin XCBuildConfiguration section */
		4FB5ECFF19F7728400E0AF7C /* Debug */ = {
			isa = XCBuildConfiguration;
			buildSettings = {
				ALWAYS_SEARCH_USER_PATHS = NO;
				CLANG_CXX_LANGUAGE_STANDARD = "gnu++0x";
				CLANG_CXX_LIBRARY = "libc++";
				CLANG_ENABLE_MODULES = YES;
				CLANG_ENABLE_OBJC_ARC = YES;
				CLANG_WARN_BOOL_CONVERSION = YES;
				CLANG_WARN_CONSTANT_CONVERSION = YES;
				CLANG_WARN_DIRECT_OBJC_ISA_USAGE = YES_ERROR;
				CLANG_WARN_EMPTY_BODY = YES;
				CLANG_WARN_ENUM_CONVERSION = YES;
				CLANG_WARN_INT_CONVERSION = YES;
				CLANG_WARN_OBJC_ROOT_CLASS = YES_ERROR;
				CLANG_WARN_UNREACHABLE_CODE = YES;
				CLANG_WARN__DUPLICATE_METHOD_MATCH = YES;
				"CODE_SIGN_IDENTITY[sdk=iphoneos*]" = "iPhone Developer";
				COPY_PHASE_STRIP = NO;
				ENABLE_STRICT_OBJC_MSGSEND = YES;
				GCC_C_LANGUAGE_STANDARD = gnu99;
				GCC_DYNAMIC_NO_PIC = NO;
				GCC_OPTIMIZATION_LEVEL = 0;
				GCC_PREPROCESSOR_DEFINITIONS = (
					"DEBUG=1",
					"$(inherited)",
				);
				GCC_SYMBOLS_PRIVATE_EXTERN = NO;
				GCC_WARN_64_TO_32_BIT_CONVERSION = YES;
				GCC_WARN_ABOUT_RETURN_TYPE = YES_ERROR;
				GCC_WARN_UNDECLARED_SELECTOR = YES;
				GCC_WARN_UNINITIALIZED_AUTOS = YES_AGGRESSIVE;
				GCC_WARN_UNUSED_FUNCTION = YES;
				GCC_WARN_UNUSED_VARIABLE = YES;
				IPHONEOS_DEPLOYMENT_TARGET = 8.0;
				MTL_ENABLE_DEBUG_INFO = YES;
				ONLY_ACTIVE_ARCH = YES;
				SDKROOT = iphoneos;
			};
			name = Debug;
		};
		4FB5ED0019F7728400E0AF7C /* Release */ = {
			isa = XCBuildConfiguration;
			buildSettings = {
				ALWAYS_SEARCH_USER_PATHS = NO;
				CLANG_CXX_LANGUAGE_STANDARD = "gnu++0x";
				CLANG_CXX_LIBRARY = "libc++";
				CLANG_ENABLE_MODULES = YES;
				CLANG_ENABLE_OBJC_ARC = YES;
				CLANG_WARN_BOOL_CONVERSION = YES;
				CLANG_WARN_CONSTANT_CONVERSION = YES;
				CLANG_WARN_DIRECT_OBJC_ISA_USAGE = YES_ERROR;
				CLANG_WARN_EMPTY_BODY = YES;
				CLANG_WARN_ENUM_CONVERSION = YES;
				CLANG_WARN_INT_CONVERSION = YES;
				CLANG_WARN_OBJC_ROOT_CLASS = YES_ERROR;
				CLANG_WARN_UNREACHABLE_CODE = YES;
				CLANG_WARN__DUPLICATE_METHOD_MATCH = YES;
				"CODE_SIGN_IDENTITY[sdk=iphoneos*]" = "iPhone Developer";
				COPY_PHASE_STRIP = YES;
				ENABLE_NS_ASSERTIONS = NO;
				ENABLE_STRICT_OBJC_MSGSEND = YES;
				GCC_C_LANGUAGE_STANDARD = gnu99;
				GCC_WARN_64_TO_32_BIT_CONVERSION = YES;
				GCC_WARN_ABOUT_RETURN_TYPE = YES_ERROR;
				GCC_WARN_UNDECLARED_SELECTOR = YES;
				GCC_WARN_UNINITIALIZED_AUTOS = YES_AGGRESSIVE;
				GCC_WARN_UNUSED_FUNCTION = YES;
				GCC_WARN_UNUSED_VARIABLE = YES;
				IPHONEOS_DEPLOYMENT_TARGET = 8.0;
				MTL_ENABLE_DEBUG_INFO = NO;
				SDKROOT = iphoneos;
				VALIDATE_PRODUCT = YES;
			};
			name = Release;
		};
		4FB5ED0219F7728400E0AF7C /* Debug */ = {
			isa = XCBuildConfiguration;
			buildSettings = {
				ASSETCATALOG_COMPILER_APPICON_NAME = AppIcon;
				INFOPLIST_FILE = WordPlay2/Info.plist;
				LD_RUNPATH_SEARCH_PATHS = "$(inherited) @executable_path/Frameworks";
				PRODUCT_NAME = "$(TARGET_NAME)";
			};
			name = Debug;
		};
		4FB5ED0319F7728400E0AF7C /* Release */ = {
			isa = XCBuildConfiguration;
			buildSettings = {
				ASSETCATALOG_COMPILER_APPICON_NAME = AppIcon;
				INFOPLIST_FILE = WordPlay2/Info.plist;
				LD_RUNPATH_SEARCH_PATHS = "$(inherited) @executable_path/Frameworks";
				PRODUCT_NAME = "$(TARGET_NAME)";
			};
			name = Release;
		};
		4FB5ED0519F7728400E0AF7C /* Debug */ = {
			isa = XCBuildConfiguration;
			buildSettings = {
				BUNDLE_LOADER = "$(TEST_HOST)";
				FRAMEWORK_SEARCH_PATHS = (
					"$(SDKROOT)/Developer/Library/Frameworks",
					"$(inherited)",
				);
				GCC_PREPROCESSOR_DEFINITIONS = (
					"DEBUG=1",
					"$(inherited)",
				);
				INFOPLIST_FILE = WordPlay2Tests/Info.plist;
				LD_RUNPATH_SEARCH_PATHS = "$(inherited) @executable_path/Frameworks @loader_path/Frameworks";
				PRODUCT_NAME = "$(TARGET_NAME)";
				TEST_HOST = "$(BUILT_PRODUCTS_DIR)/WordPlay2.app/WordPlay2";
			};
			name = Debug;
		};
		4FB5ED0619F7728400E0AF7C /* Release */ = {
			isa = XCBuildConfiguration;
			buildSettings = {
				BUNDLE_LOADER = "$(TEST_HOST)";
				FRAMEWORK_SEARCH_PATHS = (
					"$(SDKROOT)/Developer/Library/Frameworks",
					"$(inherited)",
				);
				INFOPLIST_FILE = WordPlay2Tests/Info.plist;
				LD_RUNPATH_SEARCH_PATHS = "$(inherited) @executable_path/Frameworks @loader_path/Frameworks";
				PRODUCT_NAME = "$(TARGET_NAME)";
				TEST_HOST = "$(BUILT_PRODUCTS_DIR)/WordPlay2.app/WordPlay2";
			};
			name = Release;
		};
/* End XCBuildConfiguration section */

/* Begin XCConfigurationList section */
		4FB5ECD919F7728400E0AF7C /* Build configuration list for PBXProject "WordPlay2" */ = {
			isa = XCConfigurationList;
			buildConfigurations = (
				4FB5ECFF19F7728400E0AF7C /* Debug */,
				4FB5ED0019F7728400E0AF7C /* Release */,
			);
			defaultConfigurationIsVisible = 0;
			defaultConfigurationName = Release;
		};
		4FB5ED0119F7728400E0AF7C /* Build configuration list for PBXNativeTarget "WordPlay2" */ = {
			isa = XCConfigurationList;
			buildConfigurations = (
				4FB5ED0219F7728400E0AF7C /* Debug */,
				4FB5ED0319F7728400E0AF7C /* Release */,
			);
			defaultConfigurationIsVisible = 0;
		};
		4FB5ED0419F7728400E0AF7C /* Build configuration list for PBXNativeTarget "WordPlay2Tests" */ = {
			isa = XCConfigurationList;
			buildConfigurations = (
				4FB5ED0519F7728400E0AF7C /* Debug */,
				4FB5ED0619F7728400E0AF7C /* Release */,
			);
			defaultConfigurationIsVisible = 0;
		};
/* End XCConfigurationList section */
	};
	rootObject = 4FB5ECD619F7728400E0AF7C /* Project object */;
}
